// !$*UTF8*$!
{
	archiveVersion = 1;
	classes = {
	};
	objectVersion = 46;
	objects = {

/* Begin PBXBuildFile section */
		27229B3A14C83905007D0FF1 /* CURLProtocol.h in Headers */ = {isa = PBXBuildFile; fileRef = 27229B3814C83905007D0FF1 /* CURLProtocol.h */; settings = {ATTRIBUTES = (Public, ); }; };
		27229B3B14C83905007D0FF1 /* CURLProtocol.m in Sources */ = {isa = PBXBuildFile; fileRef = 27229B3914C83905007D0FF1 /* CURLProtocol.m */; };
		275707691503E21D00363512 /* CURLFTPSession.h in Headers */ = {isa = PBXBuildFile; fileRef = 275707671503E21C00363512 /* CURLFTPSession.h */; settings = {ATTRIBUTES = (Public, ); }; };
		2757076A1503E21D00363512 /* CURLFTPSession.m in Sources */ = {isa = PBXBuildFile; fileRef = 275707681503E21C00363512 /* CURLFTPSession.m */; };
		277D77E01603804900906915 /* Foundation.framework in Frameworks */ = {isa = PBXBuildFile; fileRef = 0867D69BFE84028FC02AAC07 /* Foundation.framework */; };
		79B96CAC0A6360E00060AC12 /* SystemConfiguration.framework in Frameworks */ = {isa = PBXBuildFile; fileRef = 79B96CA70A6360E00060AC12 /* SystemConfiguration.framework */; };
		79B96CBF0A6360F90060AC12 /* CURLHandle.h in Headers */ = {isa = PBXBuildFile; fileRef = 79B96CBB0A6360F90060AC12 /* CURLHandle.h */; settings = {ATTRIBUTES = (Public, ); }; };
		79B96CC00A6360F90060AC12 /* CURLHandle.m in Sources */ = {isa = PBXBuildFile; fileRef = 79B96CBC0A6360F90060AC12 /* CURLHandle.m */; };
		EB15743816D24A4000E3A727 /* CURLHandle+extras.h in Headers */ = {isa = PBXBuildFile; fileRef = 79B96CBD0A6360F90060AC12 /* CURLHandle+extras.h */; settings = {ATTRIBUTES = (Public, ); }; };
		EB28788A16D38B3000C07756 /* Security.framework in Frameworks */ = {isa = PBXBuildFile; fileRef = EB28788916D38B3000C07756 /* Security.framework */; };
		EB28788C16D38B3400C07756 /* CFNetwork.framework in Frameworks */ = {isa = PBXBuildFile; fileRef = EB28788B16D38B3400C07756 /* CFNetwork.framework */; };
		EB28789016D38B7300C07756 /* SystemConfiguration.framework in Frameworks */ = {isa = PBXBuildFile; fileRef = EB28788F16D38B7300C07756 /* SystemConfiguration.framework */; };
		EB668C8916D35FD300FC6A77 /* Foundation.framework in Frameworks */ = {isa = PBXBuildFile; fileRef = EB668C8816D35FD300FC6A77 /* Foundation.framework */; };
		EB668C9416D3609100FC6A77 /* CURLHandle.m in Sources */ = {isa = PBXBuildFile; fileRef = 79B96CBC0A6360F90060AC12 /* CURLHandle.m */; };
		EB668C9516D3609400FC6A77 /* CURLProtocol.m in Sources */ = {isa = PBXBuildFile; fileRef = 27229B3914C83905007D0FF1 /* CURLProtocol.m */; };
		EB668C9616D3609800FC6A77 /* CURLFTPSession.m in Sources */ = {isa = PBXBuildFile; fileRef = 275707681503E21C00363512 /* CURLFTPSession.m */; };
		EB668C9A16D36C0800FC6A77 /* CFNetwork.framework in Frameworks */ = {isa = PBXBuildFile; fileRef = 277D77E1160380AF00906915 /* CFNetwork.framework */; };
		EB6BE17A172672A100D7081E /* libcurl.dylib in Frameworks */ = {isa = PBXBuildFile; fileRef = EB6BE179172672A100D7081E /* libcurl.dylib */; };
		EBB20B74176767E400BCFC0A /* libz.dylib in Frameworks */ = {isa = PBXBuildFile; fileRef = EBB20B73176767E400BCFC0A /* libz.dylib */; };
/* End PBXBuildFile section */

/* Begin PBXCopyFilesBuildPhase section */
		EB668C8416D35FD300FC6A77 /* CopyFiles */ = {
			isa = PBXCopyFilesBuildPhase;
			buildActionMask = 2147483647;
			dstPath = "include/${PRODUCT_NAME}";
			dstSubfolderSpec = 16;
			files = (
			);
			runOnlyForDeploymentPostprocessing = 0;
		};
/* End PBXCopyFilesBuildPhase section */

/* Begin PBXFileReference section */
		0867D69BFE84028FC02AAC07 /* Foundation.framework */ = {isa = PBXFileReference; lastKnownFileType = wrapper.framework; name = Foundation.framework; path = /System/Library/Frameworks/Foundation.framework; sourceTree = "<absolute>"; };
		27229B3814C83905007D0FF1 /* CURLProtocol.h */ = {isa = PBXFileReference; fileEncoding = 4; lastKnownFileType = sourcecode.c.h; path = CURLProtocol.h; sourceTree = "<group>"; };
		27229B3914C83905007D0FF1 /* CURLProtocol.m */ = {isa = PBXFileReference; fileEncoding = 4; lastKnownFileType = sourcecode.c.objc; path = CURLProtocol.m; sourceTree = "<group>"; };
		275707671503E21C00363512 /* CURLFTPSession.h */ = {isa = PBXFileReference; fileEncoding = 4; lastKnownFileType = sourcecode.c.h; path = CURLFTPSession.h; sourceTree = "<group>"; };
		275707681503E21C00363512 /* CURLFTPSession.m */ = {isa = PBXFileReference; fileEncoding = 4; lastKnownFileType = sourcecode.c.objc; path = CURLFTPSession.m; sourceTree = "<group>"; };
		277D77E1160380AF00906915 /* CFNetwork.framework */ = {isa = PBXFileReference; lastKnownFileType = wrapper.framework; name = CFNetwork.framework; path = System/Library/Frameworks/CFNetwork.framework; sourceTree = SDKROOT; };
		32DBCF5E0370ADEE00C91783 /* CURLHandle_Prefix.pch */ = {isa = PBXFileReference; fileEncoding = 4; lastKnownFileType = sourcecode.c.h; path = CURLHandle_Prefix.pch; sourceTree = "<group>"; };
		795946890AA88D0000EBF548 /* ResumableHTTPUploader.h */ = {isa = PBXFileReference; fileEncoding = 4; lastKnownFileType = sourcecode.c.h; path = ResumableHTTPUploader.h; sourceTree = "<group>"; };
		7959468A0AA88D0000EBF548 /* ResumableHTTPUploader.m */ = {isa = PBXFileReference; fileEncoding = 4; lastKnownFileType = sourcecode.c.objc; path = ResumableHTTPUploader.m; sourceTree = "<group>"; };
		79B96CA70A6360E00060AC12 /* SystemConfiguration.framework */ = {isa = PBXFileReference; lastKnownFileType = wrapper.framework; name = SystemConfiguration.framework; path = /System/Library/Frameworks/SystemConfiguration.framework; sourceTree = "<absolute>"; };
		79B96CBB0A6360F90060AC12 /* CURLHandle.h */ = {isa = PBXFileReference; fileEncoding = 30; lastKnownFileType = sourcecode.c.h; path = CURLHandle.h; sourceTree = "<group>"; };
		79B96CBC0A6360F90060AC12 /* CURLHandle.m */ = {isa = PBXFileReference; fileEncoding = 30; lastKnownFileType = sourcecode.c.objc; path = CURLHandle.m; sourceTree = "<group>"; };
		79B96CBD0A6360F90060AC12 /* CURLHandle+extras.h */ = {isa = PBXFileReference; fileEncoding = 30; lastKnownFileType = sourcecode.c.h; path = "CURLHandle+extras.h"; sourceTree = "<group>"; };
		79B96CBE0A6360F90060AC12 /* CURLHandle+extras.m */ = {isa = PBXFileReference; fileEncoding = 30; lastKnownFileType = sourcecode.c.objc; path = "CURLHandle+extras.m"; sourceTree = "<group>"; };
		8DC2EF5A0486A6940098B216 /* Info.plist */ = {isa = PBXFileReference; fileEncoding = 4; lastKnownFileType = text.plist; path = Info.plist; sourceTree = "<group>"; };
		8DC2EF5B0486A6940098B216 /* CURLHandle.framework */ = {isa = PBXFileReference; explicitFileType = wrapper.framework; includeInIndex = 0; path = CURLHandle.framework; sourceTree = BUILT_PRODUCTS_DIR; };
		EB28788816D38A7E00C07756 /* ioscurl */ = {isa = PBXFileReference; lastKnownFileType = folder; name = ioscurl; path = ../ioscurl; sourceTree = "<group>"; };
		EB28788916D38B3000C07756 /* Security.framework */ = {isa = PBXFileReference; lastKnownFileType = wrapper.framework; name = Security.framework; path = Platforms/iPhoneOS.platform/Developer/SDKs/iPhoneOS6.1.sdk/System/Library/Frameworks/Security.framework; sourceTree = DEVELOPER_DIR; };
		EB28788B16D38B3400C07756 /* CFNetwork.framework */ = {isa = PBXFileReference; lastKnownFileType = wrapper.framework; name = CFNetwork.framework; path = Platforms/iPhoneOS.platform/Developer/SDKs/iPhoneOS6.1.sdk/System/Library/Frameworks/CFNetwork.framework; sourceTree = DEVELOPER_DIR; };
		EB28788D16D38B4D00C07756 /* libz.dylib */ = {isa = PBXFileReference; lastKnownFileType = "compiled.mach-o.dylib"; name = libz.dylib; path = Platforms/iPhoneOS.platform/Developer/SDKs/iPhoneOS6.1.sdk/usr/lib/libz.dylib; sourceTree = DEVELOPER_DIR; };
		EB28788F16D38B7300C07756 /* SystemConfiguration.framework */ = {isa = PBXFileReference; lastKnownFileType = wrapper.framework; name = SystemConfiguration.framework; path = Platforms/iPhoneOS.platform/Developer/SDKs/iPhoneOS6.1.sdk/System/Library/Frameworks/SystemConfiguration.framework; sourceTree = DEVELOPER_DIR; };
		EB668C8616D35FD300FC6A77 /* libCURLHandle-iOS.a */ = {isa = PBXFileReference; explicitFileType = archive.ar; includeInIndex = 0; path = "libCURLHandle-iOS.a"; sourceTree = BUILT_PRODUCTS_DIR; };
		EB668C8816D35FD300FC6A77 /* Foundation.framework */ = {isa = PBXFileReference; lastKnownFileType = wrapper.framework; name = Foundation.framework; path = System/Library/Frameworks/Foundation.framework; sourceTree = SDKROOT; };
		EB668C9716D3682000FC6A77 /* CURLHandle-iOS_Prefix.pch */ = {isa = PBXFileReference; fileEncoding = 4; lastKnownFileType = sourcecode.c.h; path = "CURLHandle-iOS_Prefix.pch"; sourceTree = "<group>"; };
		EB6BE179172672A100D7081E /* libcurl.dylib */ = {isa = PBXFileReference; lastKnownFileType = "compiled.mach-o.dylib"; name = libcurl.dylib; path = usr/lib/libcurl.dylib; sourceTree = SDKROOT; };
		EBAD95EB16DDD75F00C638F7 /* libcares.dylib */ = {isa = PBXFileReference; lastKnownFileType = "compiled.mach-o.dylib"; path = libcares.dylib; sourceTree = "<group>"; };
		EBB184711714F30C00412219 /* libcurl.4.dylib */ = {isa = PBXFileReference; lastKnownFileType = "compiled.mach-o.dylib"; name = libcurl.4.dylib; path = usr/lib/libcurl.4.dylib; sourceTree = SDKROOT; };
		EBB20B73176767E400BCFC0A /* libz.dylib */ = {isa = PBXFileReference; lastKnownFileType = "compiled.mach-o.dylib"; name = libz.dylib; path = Platforms/iPhoneOS.platform/Developer/SDKs/iPhoneOS7.0.sdk/usr/lib/libz.dylib; sourceTree = DEVELOPER_DIR; };
/* End PBXFileReference section */

/* Begin PBXFrameworksBuildPhase section */
		8DC2EF560486A6940098B216 /* Frameworks */ = {
			isa = PBXFrameworksBuildPhase;
			buildActionMask = 2147483647;
			files = (
				EB6BE17A172672A100D7081E /* libcurl.dylib in Frameworks */,
				EB668C9A16D36C0800FC6A77 /* CFNetwork.framework in Frameworks */,
				277D77E01603804900906915 /* Foundation.framework in Frameworks */,
				79B96CAC0A6360E00060AC12 /* SystemConfiguration.framework in Frameworks */,
			);
			runOnlyForDeploymentPostprocessing = 0;
		};
		EB668C8316D35FD300FC6A77 /* Frameworks */ = {
			isa = PBXFrameworksBuildPhase;
			buildActionMask = 2147483647;
			files = (
				EBB20B74176767E400BCFC0A /* libz.dylib in Frameworks */,
				EB28789016D38B7300C07756 /* SystemConfiguration.framework in Frameworks */,
				EB28788C16D38B3400C07756 /* CFNetwork.framework in Frameworks */,
				EB28788A16D38B3000C07756 /* Security.framework in Frameworks */,
				EB668C8916D35FD300FC6A77 /* Foundation.framework in Frameworks */,
			);
			runOnlyForDeploymentPostprocessing = 0;
		};
/* End PBXFrameworksBuildPhase section */

/* Begin PBXGroup section */
		034768DFFF38A50411DB9C8B /* Products */ = {
			isa = PBXGroup;
			children = (
				8DC2EF5B0486A6940098B216 /* CURLHandle.framework */,
				EB668C8616D35FD300FC6A77 /* libCURLHandle-iOS.a */,
			);
			name = Products;
			sourceTree = "<group>";
		};
		0867D691FE84028FC02AAC07 /* CURLHandle */ = {
			isa = PBXGroup;
			children = (
				EB6BE179172672A100D7081E /* libcurl.dylib */,
				EB28788816D38A7E00C07756 /* ioscurl */,
				08FB77AEFE84172EC02AAC07 /* CURLHandle */,
				089C1665FE841158C02AAC07 /* Resources */,
				0867D69AFE84028FC02AAC07 /* Libraries & Frameworks */,
				EB668C8716D35FD300FC6A77 /* Frameworks */,
				034768DFFF38A50411DB9C8B /* Products */,
			);
			name = CURLHandle;
			sourceTree = "<group>";
		};
		0867D69AFE84028FC02AAC07 /* Libraries & Frameworks */ = {
			isa = PBXGroup;
			children = (
				EBAD95EB16DDD75F00C638F7 /* libcares.dylib */,
				1058C7B0FEA5585E11CA2CBB /* Linked Frameworks */,
			);
			name = "Libraries & Frameworks";
			sourceTree = "<group>";
		};
		089C1665FE841158C02AAC07 /* Resources */ = {
			isa = PBXGroup;
			children = (
				8DC2EF5A0486A6940098B216 /* Info.plist */,
			);
			name = Resources;
			sourceTree = "<group>";
		};
		08FB77AEFE84172EC02AAC07 /* CURLHandle */ = {
			isa = PBXGroup;
			children = (
				79B96CBB0A6360F90060AC12 /* CURLHandle.h */,
				79B96CBC0A6360F90060AC12 /* CURLHandle.m */,
				79B96CBD0A6360F90060AC12 /* CURLHandle+extras.h */,
				79B96CBE0A6360F90060AC12 /* CURLHandle+extras.m */,
				27229B3814C83905007D0FF1 /* CURLProtocol.h */,
				27229B3914C83905007D0FF1 /* CURLProtocol.m */,
				795946890AA88D0000EBF548 /* ResumableHTTPUploader.h */,
				7959468A0AA88D0000EBF548 /* ResumableHTTPUploader.m */,
				275707671503E21C00363512 /* CURLFTPSession.h */,
				275707681503E21C00363512 /* CURLFTPSession.m */,
				EB668C9716D3682000FC6A77 /* CURLHandle-iOS_Prefix.pch */,
				32DBCF5E0370ADEE00C91783 /* CURLHandle_Prefix.pch */,
			);
			name = CURLHandle;
			sourceTree = "<group>";
		};
		1058C7B0FEA5585E11CA2CBB /* Linked Frameworks */ = {
			isa = PBXGroup;
			children = (
				EBB184751714F75900412219 /* Mac */,
				EB28789616D3B80000C07756 /* iOS */,
				79B96CA70A6360E00060AC12 /* SystemConfiguration.framework */,
				0867D69BFE84028FC02AAC07 /* Foundation.framework */,
				277D77E1160380AF00906915 /* CFNetwork.framework */,
			);
			name = "Linked Frameworks";
			sourceTree = "<group>";
		};
		EB28789616D3B80000C07756 /* iOS */ = {
			isa = PBXGroup;
			children = (
				EB28788F16D38B7300C07756 /* SystemConfiguration.framework */,
				EB28788D16D38B4D00C07756 /* libz.dylib */,
				EB28788B16D38B3400C07756 /* CFNetwork.framework */,
				EB28788916D38B3000C07756 /* Security.framework */,
			);
			name = iOS;
			sourceTree = "<group>";
		};
		EB668C8716D35FD300FC6A77 /* Frameworks */ = {
			isa = PBXGroup;
			children = (
				EBB20B73176767E400BCFC0A /* libz.dylib */,
				EB668C8816D35FD300FC6A77 /* Foundation.framework */,
			);
			name = Frameworks;
			sourceTree = "<group>";
		};
		EBB184751714F75900412219 /* Mac */ = {
			isa = PBXGroup;
			children = (
				EBB184711714F30C00412219 /* libcurl.4.dylib */,
			);
			name = Mac;
			sourceTree = "<group>";
		};
/* End PBXGroup section */

/* Begin PBXHeadersBuildPhase section */
		8DC2EF500486A6940098B216 /* Headers */ = {
			isa = PBXHeadersBuildPhase;
			buildActionMask = 2147483647;
			files = (
				79B96CBF0A6360F90060AC12 /* CURLHandle.h in Headers */,
				27229B3A14C83905007D0FF1 /* CURLProtocol.h in Headers */,
				EB15743816D24A4000E3A727 /* CURLHandle+extras.h in Headers */,
				275707691503E21D00363512 /* CURLFTPSession.h in Headers */,
			);
			runOnlyForDeploymentPostprocessing = 0;
		};
/* End PBXHeadersBuildPhase section */

/* Begin PBXNativeTarget section */
		8DC2EF4F0486A6940098B216 /* CURLHandle */ = {
			isa = PBXNativeTarget;
			buildConfigurationList = 1DEB91AD08733DA50010E9CD /* Build configuration list for PBXNativeTarget "CURLHandle" */;
			buildPhases = (
				8DC2EF500486A6940098B216 /* Headers */,
				8DC2EF540486A6940098B216 /* Sources */,
				8DC2EF560486A6940098B216 /* Frameworks */,
			);
			buildRules = (
			);
			dependencies = (
			);
			name = CURLHandle;
			productInstallPath = "$(HOME)/Library/Frameworks";
			productName = CURLHandle;
			productReference = 8DC2EF5B0486A6940098B216 /* CURLHandle.framework */;
			productType = "com.apple.product-type.framework";
		};
		EB668C8516D35FD300FC6A77 /* CURLHandle-iOS */ = {
			isa = PBXNativeTarget;
			buildConfigurationList = EB668C9116D35FD300FC6A77 /* Build configuration list for PBXNativeTarget "CURLHandle-iOS" */;
			buildPhases = (
				EB668C8216D35FD300FC6A77 /* Sources */,
				EB668C8316D35FD300FC6A77 /* Frameworks */,
				EB668C8416D35FD300FC6A77 /* CopyFiles */,
			);
			buildRules = (
			);
			dependencies = (
			);
			name = "CURLHandle-iOS";
			productName = "CURLHandle-iOS";
			productReference = EB668C8616D35FD300FC6A77 /* libCURLHandle-iOS.a */;
			productType = "com.apple.product-type.library.static";
		};
/* End PBXNativeTarget section */

/* Begin PBXProject section */
		0867D690FE84028FC02AAC07 /* Project object */ = {
			isa = PBXProject;
			attributes = {
				LastUpgradeCheck = 0460;
			};
			buildConfigurationList = 1DEB91B108733DA50010E9CD /* Build configuration list for PBXProject "CURLHandle" */;
			compatibilityVersion = "Xcode 3.2";
			developmentRegion = English;
			hasScannedForEncodings = 1;
			knownRegions = (
				en,
			);
			mainGroup = 0867D691FE84028FC02AAC07 /* CURLHandle */;
			productRefGroup = 034768DFFF38A50411DB9C8B /* Products */;
			projectDirPath = "";
			projectRoot = "";
			targets = (
				8DC2EF4F0486A6940098B216 /* CURLHandle */,
				EB668C8516D35FD300FC6A77 /* CURLHandle-iOS */,
			);
		};
/* End PBXProject section */

/* Begin PBXSourcesBuildPhase section */
		8DC2EF540486A6940098B216 /* Sources */ = {
			isa = PBXSourcesBuildPhase;
			buildActionMask = 2147483647;
			files = (
				79B96CC00A6360F90060AC12 /* CURLHandle.m in Sources */,
				27229B3B14C83905007D0FF1 /* CURLProtocol.m in Sources */,
				2757076A1503E21D00363512 /* CURLFTPSession.m in Sources */,
			);
			runOnlyForDeploymentPostprocessing = 0;
		};
		EB668C8216D35FD300FC6A77 /* Sources */ = {
			isa = PBXSourcesBuildPhase;
			buildActionMask = 2147483647;
			files = (
				EB668C9416D3609100FC6A77 /* CURLHandle.m in Sources */,
				EB668C9516D3609400FC6A77 /* CURLProtocol.m in Sources */,
				EB668C9616D3609800FC6A77 /* CURLFTPSession.m in Sources */,
			);
			runOnlyForDeploymentPostprocessing = 0;
		};
/* End PBXSourcesBuildPhase section */

/* Begin XCBuildConfiguration section */
		1DEB91AE08733DA50010E9CD /* Debug */ = {
			isa = XCBuildConfiguration;
			buildSettings = {
				COMBINE_HIDPI_IMAGES = YES;
				COPY_PHASE_STRIP = NO;
				DYLIB_COMPATIBILITY_VERSION = 1;
				DYLIB_CURRENT_VERSION = 1;
				FRAMEWORK_VERSION = A;
				GCC_DYNAMIC_NO_PIC = NO;
				GCC_OPTIMIZATION_LEVEL = 0;
				GCC_PRECOMPILE_PREFIX_HEADER = YES;
				GCC_PREFIX_HEADER = CURLHandle_Prefix.pch;
				INFOPLIST_FILE = Info.plist;
				INSTALL_PATH = "@rpath";
				LD_RUNPATH_SEARCH_PATHS = "@loader_path/../Frameworks";
				LIBRARY_SEARCH_PATHS = "$(inherited)";
				PRODUCT_NAME = CURLHandle;
				RUN_CLANG_STATIC_ANALYZER = YES;
				WRAPPER_EXTENSION = framework;
			};
			name = Debug;
		};
		1DEB91AF08733DA50010E9CD /* Release */ = {
			isa = XCBuildConfiguration;
			buildSettings = {
				COMBINE_HIDPI_IMAGES = YES;
				DYLIB_COMPATIBILITY_VERSION = 1;
				DYLIB_CURRENT_VERSION = 1;
				FRAMEWORK_VERSION = A;
				GCC_PRECOMPILE_PREFIX_HEADER = YES;
				GCC_PREFIX_HEADER = CURLHandle_Prefix.pch;
				INFOPLIST_FILE = Info.plist;
				INSTALL_PATH = "@rpath";
				LD_RUNPATH_SEARCH_PATHS = "@loader_path/../Frameworks";
				LIBRARY_SEARCH_PATHS = "$(inherited)";
				PRODUCT_NAME = CURLHandle;
				RUN_CLANG_STATIC_ANALYZER = YES;
				WRAPPER_EXTENSION = framework;
			};
			name = Release;
		};
		1DEB91B208733DA50010E9CD /* Debug */ = {
			isa = XCBuildConfiguration;
			buildSettings = {
				ARCHS = "$(ARCHS_STANDARD_64_BIT)";
				DEBUG_INFORMATION_FORMAT = "dwarf-with-dsym";
				GCC_WARN_ABOUT_RETURN_TYPE = YES;
				GCC_WARN_UNUSED_VARIABLE = YES;
				MACOSX_DEPLOYMENT_TARGET = 10.6;
				ONLY_ACTIVE_ARCH = YES;
				SDKROOT = macosx;
			};
			name = Debug;
		};
		1DEB91B308733DA50010E9CD /* Release */ = {
			isa = XCBuildConfiguration;
			buildSettings = {
				ARCHS = "$(ARCHS_STANDARD_64_BIT)";
				DEBUG_INFORMATION_FORMAT = "dwarf-with-dsym";
				GCC_WARN_ABOUT_RETURN_TYPE = YES;
				GCC_WARN_UNUSED_VARIABLE = YES;
				MACOSX_DEPLOYMENT_TARGET = 10.6;
				SDKROOT = macosx;
			};
			name = Release;
		};
		EB668C9216D35FD300FC6A77 /* Debug */ = {
			isa = XCBuildConfiguration;
			buildSettings = {
				ALWAYS_SEARCH_USER_PATHS = NO;
				ARCHS = "$(ARCHS_STANDARD_32_BIT)";
				CLANG_CXX_LANGUAGE_STANDARD = "gnu++0x";
				CLANG_CXX_LIBRARY = "libc++";
				CLANG_WARN_CONSTANT_CONVERSION = YES;
				CLANG_WARN_EMPTY_BODY = YES;
				CLANG_WARN_ENUM_CONVERSION = YES;
				CLANG_WARN_INT_CONVERSION = YES;
				CLANG_WARN__DUPLICATE_METHOD_MATCH = YES;
				COPY_PHASE_STRIP = NO;
				DSTROOT = /tmp/CURLHandle_iOS.dst;
				GCC_C_LANGUAGE_STANDARD = gnu99;
				GCC_DYNAMIC_NO_PIC = NO;
				GCC_OPTIMIZATION_LEVEL = 0;
				GCC_PRECOMPILE_PREFIX_HEADER = YES;
				GCC_PREFIX_HEADER = "CURLHandle-iOS_Prefix.pch";
				GCC_PREPROCESSOR_DEFINITIONS = (
					"DEBUG=1",
					"$(inherited)",
				);
				GCC_SYMBOLS_PRIVATE_EXTERN = NO;
				GCC_WARN_UNINITIALIZED_AUTOS = YES;
				HEADER_SEARCH_PATHS = "\"$(SRCROOT)/../ioscurl/iOScURL\"";
				INFOPLIST_FILE = Info.plist;
				IPHONEOS_DEPLOYMENT_TARGET = 6.1;
				LIBRARY_SEARCH_PATHS = "\"$(SRCROOT)/../ioscurl\"";
				OTHER_LDFLAGS = "-ObjC";
				PRODUCT_NAME = "$(TARGET_NAME)";
				SDKROOT = iphoneos;
				SKIP_INSTALL = YES;
			};
			name = Debug;
		};
		EB668C9316D35FD300FC6A77 /* Release */ = {
			isa = XCBuildConfiguration;
			buildSettings = {
				ALWAYS_SEARCH_USER_PATHS = NO;
				ARCHS = "$(ARCHS_STANDARD_32_BIT)";
				CLANG_CXX_LANGUAGE_STANDARD = "gnu++0x";
				CLANG_CXX_LIBRARY = "libc++";
				CLANG_WARN_CONSTANT_CONVERSION = YES;
				CLANG_WARN_EMPTY_BODY = YES;
				CLANG_WARN_ENUM_CONVERSION = YES;
				CLANG_WARN_INT_CONVERSION = YES;
				CLANG_WARN__DUPLICATE_METHOD_MATCH = YES;
				COPY_PHASE_STRIP = YES;
				DSTROOT = /tmp/CURLHandle_iOS.dst;
				GCC_C_LANGUAGE_STANDARD = gnu99;
				GCC_PRECOMPILE_PREFIX_HEADER = YES;
				GCC_PREFIX_HEADER = "CURLHandle-iOS_Prefix.pch";
				GCC_WARN_UNINITIALIZED_AUTOS = YES;
				HEADER_SEARCH_PATHS = "\"$(SRCROOT)/../ioscurl/iOScURL\"";
				INFOPLIST_FILE = Info.plist;
				IPHONEOS_DEPLOYMENT_TARGET = 6.1;
				LIBRARY_SEARCH_PATHS = "\"$(SRCROOT)/../ioscurl\"";
				OTHER_LDFLAGS = "-ObjC";
				PRODUCT_NAME = "$(TARGET_NAME)";
				SDKROOT = iphoneos;
				SKIP_INSTALL = YES;
				VALIDATE_PRODUCT = YES;
			};
			name = Release;
		};
/* End XCBuildConfiguration section */

/* Begin XCConfigurationList section */
		1DEB91AD08733DA50010E9CD /* Build configuration list for PBXNativeTarget "CURLHandle" */ = {
			isa = XCConfigurationList;
			buildConfigurations = (
				1DEB91AE08733DA50010E9CD /* Debug */,
				1DEB91AF08733DA50010E9CD /* Release */,
			);
			defaultConfigurationIsVisible = 0;
			defaultConfigurationName = Release;
		};
		1DEB91B108733DA50010E9CD /* Build configuration list for PBXProject "CURLHandle" */ = {
			isa = XCConfigurationList;
			buildConfigurations = (
				1DEB91B208733DA50010E9CD /* Debug */,
				1DEB91B308733DA50010E9CD /* Release */,
			);
			defaultConfigurationIsVisible = 0;
			defaultConfigurationName = Release;
		};
		EB668C9116D35FD300FC6A77 /* Build configuration list for PBXNativeTarget "CURLHandle-iOS" */ = {
			isa = XCConfigurationList;
			buildConfigurations = (
				EB668C9216D35FD300FC6A77 /* Debug */,
				EB668C9316D35FD300FC6A77 /* Release */,
			);
			defaultConfigurationIsVisible = 0;
			defaultConfigurationName = Release;
		};
/* End XCConfigurationList section */
	};
	rootObject = 0867D690FE84028FC02AAC07 /* Project object */;
}
